// !$*UTF8*$!
{
	archiveVersion = 1;
	classes = {
	};
	objectVersion = 56;
	objects = {

/* Begin PBXBuildFile section */
		CE89282F2ABDD637005F0F73 /* AppDelegate.swift in Sources */ = {isa = PBXBuildFile; fileRef = CE89282E2ABDD637005F0F73 /* AppDelegate.swift */; };
		CE8928312ABDD637005F0F73 /* SceneDelegate.swift in Sources */ = {isa = PBXBuildFile; fileRef = CE8928302ABDD637005F0F73 /* SceneDelegate.swift */; };
		CE8928332ABDD637005F0F73 /* ViewController.swift in Sources */ = {isa = PBXBuildFile; fileRef = CE8928322ABDD637005F0F73 /* ViewController.swift */; };
		CE8928362ABDD637005F0F73 /* Main.storyboard in Resources */ = {isa = PBXBuildFile; fileRef = CE8928342ABDD637005F0F73 /* Main.storyboard */; };
		CE8928382ABDD639005F0F73 /* Assets.xcassets in Resources */ = {isa = PBXBuildFile; fileRef = CE8928372ABDD639005F0F73 /* Assets.xcassets */; };
		CE89283B2ABDD639005F0F73 /* LaunchScreen.storyboard in Resources */ = {isa = PBXBuildFile; fileRef = CE8928392ABDD639005F0F73 /* LaunchScreen.storyboard */; };
		CE8928462ABDD63A005F0F73 /* CounterTests.swift in Sources */ = {isa = PBXBuildFile; fileRef = CE8928452ABDD63A005F0F73 /* CounterTests.swift */; };
		CE8928502ABDD63A005F0F73 /* CounterUITests.swift in Sources */ = {isa = PBXBuildFile; fileRef = CE89284F2ABDD63A005F0F73 /* CounterUITests.swift */; };
		CE8928522ABDD63A005F0F73 /* CounterUITestsLaunchTests.swift in Sources */ = {isa = PBXBuildFile; fileRef = CE8928512ABDD63A005F0F73 /* CounterUITestsLaunchTests.swift */; };
/* End PBXBuildFile section */

/* Begin PBXContainerItemProxy section */
		CE8928422ABDD63A005F0F73 /* PBXContainerItemProxy */ = {
			isa = PBXContainerItemProxy;
			containerPortal = CE8928232ABDD637005F0F73 /* Project object */;
			proxyType = 1;
			remoteGlobalIDString = CE89282A2ABDD637005F0F73;
			remoteInfo = Counter;
		};
		CE89284C2ABDD63A005F0F73 /* PBXContainerItemProxy */ = {
			isa = PBXContainerItemProxy;
			containerPortal = CE8928232ABDD637005F0F73 /* Project object */;
			proxyType = 1;
			remoteGlobalIDString = CE89282A2ABDD637005F0F73;
			remoteInfo = Counter;
		};
/* End PBXContainerItemProxy section */

/* Begin PBXFileReference section */
		CE89282B2ABDD637005F0F73 /* Counter.app */ = {isa = PBXFileReference; explicitFileType = wrapper.application; includeInIndex = 0; path = Counter.app; sourceTree = BUILT_PRODUCTS_DIR; };
		CE89282E2ABDD637005F0F73 /* AppDelegate.swift */ = {isa = PBXFileReference; lastKnownFileType = sourcecode.swift; path = AppDelegate.swift; sourceTree = "<group>"; };
		CE8928302ABDD637005F0F73 /* SceneDelegate.swift */ = {isa = PBXFileReference; lastKnownFileType = sourcecode.swift; path = SceneDelegate.swift; sourceTree = "<group>"; };
		CE8928322ABDD637005F0F73 /* ViewController.swift */ = {isa = PBXFileReference; lastKnownFileType = sourcecode.swift; path = ViewController.swift; sourceTree = "<group>"; };
		CE8928352ABDD637005F0F73 /* Base */ = {isa = PBXFileReference; lastKnownFileType = file.storyboard; name = Base; path = Base.lproj/Main.storyboard; sourceTree = "<group>"; };
		CE8928372ABDD639005F0F73 /* Assets.xcassets */ = {isa = PBXFileReference; lastKnownFileType = folder.assetcatalog; path = Assets.xcassets; sourceTree = "<group>"; };
		CE89283A2ABDD639005F0F73 /* Base */ = {isa = PBXFileReference; lastKnownFileType = file.storyboard; name = Base; path = Base.lproj/LaunchScreen.storyboard; sourceTree = "<group>"; };
		CE89283C2ABDD639005F0F73 /* Info.plist */ = {isa = PBXFileReference; lastKnownFileType = text.plist.xml; path = Info.plist; sourceTree = "<group>"; };
		CE8928412ABDD63A005F0F73 /* CounterTests.xctest */ = {isa = PBXFileReference; explicitFileType = wrapper.cfbundle; includeInIndex = 0; path = CounterTests.xctest; sourceTree = BUILT_PRODUCTS_DIR; };
		CE8928452ABDD63A005F0F73 /* CounterTests.swift */ = {isa = PBXFileReference; lastKnownFileType = sourcecode.swift; path = CounterTests.swift; sourceTree = "<group>"; };
		CE89284B2ABDD63A005F0F73 /* CounterUITests.xctest */ = {isa = PBXFileReference; explicitFileType = wrapper.cfbundle; includeInIndex = 0; path = CounterUITests.xctest; sourceTree = BUILT_PRODUCTS_DIR; };
		CE89284F2ABDD63A005F0F73 /* CounterUITests.swift */ = {isa = PBXFileReference; lastKnownFileType = sourcecode.swift; path = CounterUITests.swift; sourceTree = "<group>"; };
		CE8928512ABDD63A005F0F73 /* CounterUITestsLaunchTests.swift */ = {isa = PBXFileReference; lastKnownFileType = sourcecode.swift; path = CounterUITestsLaunchTests.swift; sourceTree = "<group>"; };
/* End PBXFileReference section */

/* Begin PBXFrameworksBuildPhase section */
		CE8928282ABDD637005F0F73 /* Frameworks */ = {
			isa = PBXFrameworksBuildPhase;
			buildActionMask = 2147483647;
			files = (
			);
			runOnlyForDeploymentPostprocessing = 0;
		};
		CE89283E2ABDD63A005F0F73 /* Frameworks */ = {
			isa = PBXFrameworksBuildPhase;
			buildActionMask = 2147483647;
			files = (
			);
			runOnlyForDeploymentPostprocessing = 0;
		};
		CE8928482ABDD63A005F0F73 /* Frameworks */ = {
			isa = PBXFrameworksBuildPhase;
			buildActionMask = 2147483647;
			files = (
			);
			runOnlyForDeploymentPostprocessing = 0;
		};
/* End PBXFrameworksBuildPhase section */

/* Begin PBXGroup section */
		CE8928222ABDD637005F0F73 = {
			isa = PBXGroup;
			children = (
				CE89282D2ABDD637005F0F73 /* Counter */,
				CE8928442ABDD63A005F0F73 /* CounterTests */,
				CE89284E2ABDD63A005F0F73 /* CounterUITests */,
				CE89282C2ABDD637005F0F73 /* Products */,
			);
			sourceTree = "<group>";
		};
		CE89282C2ABDD637005F0F73 /* Products */ = {
			isa = PBXGroup;
			children = (
				CE89282B2ABDD637005F0F73 /* Counter.app */,
				CE8928412ABDD63A005F0F73 /* CounterTests.xctest */,
				CE89284B2ABDD63A005F0F73 /* CounterUITests.xctest */,
			);
			name = Products;
			sourceTree = "<group>";
		};
		CE89282D2ABDD637005F0F73 /* Counter */ = {
			isa = PBXGroup;
			children = (
				CE89282E2ABDD637005F0F73 /* AppDelegate.swift */,
				CE8928302ABDD637005F0F73 /* SceneDelegate.swift */,
				CE8928322ABDD637005F0F73 /* ViewController.swift */,
				CE8928342ABDD637005F0F73 /* Main.storyboard */,
				CE8928372ABDD639005F0F73 /* Assets.xcassets */,
				CE8928392ABDD639005F0F73 /* LaunchScreen.storyboard */,
				CE89283C2ABDD639005F0F73 /* Info.plist */,
			);
			path = Counter;
			sourceTree = "<group>";
		};
		CE8928442ABDD63A005F0F73 /* CounterTests */ = {
			isa = PBXGroup;
			children = (
				CE8928452ABDD63A005F0F73 /* CounterTests.swift */,
			);
			path = CounterTests;
			sourceTree = "<group>";
		};
		CE89284E2ABDD63A005F0F73 /* CounterUITests */ = {
			isa = PBXGroup;
			children = (
				CE89284F2ABDD63A005F0F73 /* CounterUITests.swift */,
				CE8928512ABDD63A005F0F73 /* CounterUITestsLaunchTests.swift */,
			);
			path = CounterUITests;
			sourceTree = "<group>";
		};
/* End PBXGroup section */

/* Begin PBXNativeTarget section */
		CE89282A2ABDD637005F0F73 /* Counter */ = {
			isa = PBXNativeTarget;
			buildConfigurationList = CE8928552ABDD63A005F0F73 /* Build configuration list for PBXNativeTarget "Counter" */;
			buildPhases = (
				CE8928272ABDD637005F0F73 /* Sources */,
				CE8928282ABDD637005F0F73 /* Frameworks */,
				CE8928292ABDD637005F0F73 /* Resources */,
			);
			buildRules = (
			);
			dependencies = (
			);
			name = Counter;
			productName = Counter;
			productReference = CE89282B2ABDD637005F0F73 /* Counter.app */;
			productType = "com.apple.product-type.application";
		};
		CE8928402ABDD63A005F0F73 /* CounterTests */ = {
			isa = PBXNativeTarget;
			buildConfigurationList = CE8928582ABDD63A005F0F73 /* Build configuration list for PBXNativeTarget "CounterTests" */;
			buildPhases = (
				CE89283D2ABDD63A005F0F73 /* Sources */,
				CE89283E2ABDD63A005F0F73 /* Frameworks */,
				CE89283F2ABDD63A005F0F73 /* Resources */,
			);
			buildRules = (
			);
			dependencies = (
				CE8928432ABDD63A005F0F73 /* PBXTargetDependency */,
			);
			name = CounterTests;
			productName = CounterTests;
			productReference = CE8928412ABDD63A005F0F73 /* CounterTests.xctest */;
			productType = "com.apple.product-type.bundle.unit-test";
		};
		CE89284A2ABDD63A005F0F73 /* CounterUITests */ = {
			isa = PBXNativeTarget;
			buildConfigurationList = CE89285B2ABDD63A005F0F73 /* Build configuration list for PBXNativeTarget "CounterUITests" */;
			buildPhases = (
				CE8928472ABDD63A005F0F73 /* Sources */,
				CE8928482ABDD63A005F0F73 /* Frameworks */,
				CE8928492ABDD63A005F0F73 /* Resources */,
			);
			buildRules = (
			);
			dependencies = (
				CE89284D2ABDD63A005F0F73 /* PBXTargetDependency */,
			);
			name = CounterUITests;
			productName = CounterUITests;
			productReference = CE89284B2ABDD63A005F0F73 /* CounterUITests.xctest */;
			productType = "com.apple.product-type.bundle.ui-testing";
		};
/* End PBXNativeTarget section */

/* Begin PBXProject section */
		CE8928232ABDD637005F0F73 /* Project object */ = {
			isa = PBXProject;
			attributes = {
				BuildIndependentTargetsInParallel = 1;
				LastSwiftUpdateCheck = 1430;
				LastUpgradeCheck = 1430;
				TargetAttributes = {
					CE89282A2ABDD637005F0F73 = {
						CreatedOnToolsVersion = 14.3.1;
					};
					CE8928402ABDD63A005F0F73 = {
						CreatedOnToolsVersion = 14.3.1;
						TestTargetID = CE89282A2ABDD637005F0F73;
					};
					CE89284A2ABDD63A005F0F73 = {
						CreatedOnToolsVersion = 14.3.1;
						TestTargetID = CE89282A2ABDD637005F0F73;
					};
				};
			};
			buildConfigurationList = CE8928262ABDD637005F0F73 /* Build configuration list for PBXProject "Counter" */;
			compatibilityVersion = "Xcode 14.0";
			developmentRegion = en;
			hasScannedForEncodings = 0;
			knownRegions = (
				en,
				Base,
			);
			mainGroup = CE8928222ABDD637005F0F73;
			productRefGroup = CE89282C2ABDD637005F0F73 /* Products */;
			projectDirPath = "";
			projectRoot = "";
			targets = (
				CE89282A2ABDD637005F0F73 /* Counter */,
				CE8928402ABDD63A005F0F73 /* CounterTests */,
				CE89284A2ABDD63A005F0F73 /* CounterUITests */,
			);
		};
/* End PBXProject section */

/* Begin PBXResourcesBuildPhase section */
		CE8928292ABDD637005F0F73 /* Resources */ = {
			isa = PBXResourcesBuildPhase;
			buildActionMask = 2147483647;
			files = (
				CE89283B2ABDD639005F0F73 /* LaunchScreen.storyboard in Resources */,
				CE8928382ABDD639005F0F73 /* Assets.xcassets in Resources */,
				CE8928362ABDD637005F0F73 /* Main.storyboard in Resources */,
			);
			runOnlyForDeploymentPostprocessing = 0;
		};
		CE89283F2ABDD63A005F0F73 /* Resources */ = {
			isa = PBXResourcesBuildPhase;
			buildActionMask = 2147483647;
			files = (
			);
			runOnlyForDeploymentPostprocessing = 0;
		};
		CE8928492ABDD63A005F0F73 /* Resources */ = {
			isa = PBXResourcesBuildPhase;
			buildActionMask = 2147483647;
			files = (
			);
			runOnlyForDeploymentPostprocessing = 0;
		};
/* End PBXResourcesBuildPhase section */

/* Begin PBXSourcesBuildPhase section */
		CE8928272ABDD637005F0F73 /* Sources */ = {
			isa = PBXSourcesBuildPhase;
			buildActionMask = 2147483647;
			files = (
				CE8928332ABDD637005F0F73 /* ViewController.swift in Sources */,
				CE89282F2ABDD637005F0F73 /* AppDelegate.swift in Sources */,
				CE8928312ABDD637005F0F73 /* SceneDelegate.swift in Sources */,
			);
			runOnlyForDeploymentPostprocessing = 0;
		};
		CE89283D2ABDD63A005F0F73 /* Sources */ = {
			isa = PBXSourcesBuildPhase;
			buildActionMask = 2147483647;
			files = (
				CE8928462ABDD63A005F0F73 /* CounterTests.swift in Sources */,
			);
			runOnlyForDeploymentPostprocessing = 0;
		};
		CE8928472ABDD63A005F0F73 /* Sources */ = {
			isa = PBXSourcesBuildPhase;
			buildActionMask = 2147483647;
			files = (
				CE8928502ABDD63A005F0F73 /* CounterUITests.swift in Sources */,
				CE8928522ABDD63A005F0F73 /* CounterUITestsLaunchTests.swift in Sources */,
			);
			runOnlyForDeploymentPostprocessing = 0;
		};
/* End PBXSourcesBuildPhase section */

/* Begin PBXTargetDependency section */
		CE8928432ABDD63A005F0F73 /* PBXTargetDependency */ = {
			isa = PBXTargetDependency;
			target = CE89282A2ABDD637005F0F73 /* Counter */;
			targetProxy = CE8928422ABDD63A005F0F73 /* PBXContainerItemProxy */;
		};
		CE89284D2ABDD63A005F0F73 /* PBXTargetDependency */ = {
			isa = PBXTargetDependency;
			target = CE89282A2ABDD637005F0F73 /* Counter */;
			targetProxy = CE89284C2ABDD63A005F0F73 /* PBXContainerItemProxy */;
		};
/* End PBXTargetDependency section */

/* Begin PBXVariantGroup section */
		CE8928342ABDD637005F0F73 /* Main.storyboard */ = {
			isa = PBXVariantGroup;
			children = (
				CE8928352ABDD637005F0F73 /* Base */,
			);
			name = Main.storyboard;
			sourceTree = "<group>";
		};
		CE8928392ABDD639005F0F73 /* LaunchScreen.storyboard */ = {
			isa = PBXVariantGroup;
			children = (
				CE89283A2ABDD639005F0F73 /* Base */,
			);
			name = LaunchScreen.storyboard;
			sourceTree = "<group>";
		};
/* End PBXVariantGroup section */

/* Begin XCBuildConfiguration section */
		CE8928532ABDD63A005F0F73 /* Debug */ = {
			isa = XCBuildConfiguration;
			buildSettings = {
				ALWAYS_SEARCH_USER_PATHS = NO;
				CLANG_ANALYZER_NONNULL = YES;
				CLANG_ANALYZER_NUMBER_OBJECT_CONVERSION = YES_AGGRESSIVE;
				CLANG_CXX_LANGUAGE_STANDARD = "gnu++20";
				CLANG_ENABLE_MODULES = YES;
				CLANG_ENABLE_OBJC_ARC = YES;
				CLANG_ENABLE_OBJC_WEAK = YES;
				CLANG_WARN_BLOCK_CAPTURE_AUTORELEASING = YES;
				CLANG_WARN_BOOL_CONVERSION = YES;
				CLANG_WARN_COMMA = YES;
				CLANG_WARN_CONSTANT_CONVERSION = YES;
				CLANG_WARN_DEPRECATED_OBJC_IMPLEMENTATIONS = YES;
				CLANG_WARN_DIRECT_OBJC_ISA_USAGE = YES_ERROR;
				CLANG_WARN_DOCUMENTATION_COMMENTS = YES;
				CLANG_WARN_EMPTY_BODY = YES;
				CLANG_WARN_ENUM_CONVERSION = YES;
				CLANG_WARN_INFINITE_RECURSION = YES;
				CLANG_WARN_INT_CONVERSION = YES;
				CLANG_WARN_NON_LITERAL_NULL_CONVERSION = YES;
				CLANG_WARN_OBJC_IMPLICIT_RETAIN_SELF = YES;
				CLANG_WARN_OBJC_LITERAL_CONVERSION = YES;
				CLANG_WARN_OBJC_ROOT_CLASS = YES_ERROR;
				CLANG_WARN_QUOTED_INCLUDE_IN_FRAMEWORK_HEADER = YES;
				CLANG_WARN_RANGE_LOOP_ANALYSIS = YES;
				CLANG_WARN_STRICT_PROTOTYPES = YES;
				CLANG_WARN_SUSPICIOUS_MOVE = YES;
				CLANG_WARN_UNGUARDED_AVAILABILITY = YES_AGGRESSIVE;
				CLANG_WARN_UNREACHABLE_CODE = YES;
				CLANG_WARN__DUPLICATE_METHOD_MATCH = YES;
				COPY_PHASE_STRIP = NO;
				DEBUG_INFORMATION_FORMAT = dwarf;
				ENABLE_STRICT_OBJC_MSGSEND = YES;
				ENABLE_TESTABILITY = YES;
				GCC_C_LANGUAGE_STANDARD = gnu11;
				GCC_DYNAMIC_NO_PIC = NO;
				GCC_NO_COMMON_BLOCKS = YES;
				GCC_OPTIMIZATION_LEVEL = 0;
				GCC_PREPROCESSOR_DEFINITIONS = (
					"DEBUG=1",
					"$(inherited)",
				);
				GCC_WARN_64_TO_32_BIT_CONVERSION = YES;
				GCC_WARN_ABOUT_RETURN_TYPE = YES_ERROR;
				GCC_WARN_UNDECLARED_SELECTOR = YES;
				GCC_WARN_UNINITIALIZED_AUTOS = YES_AGGRESSIVE;
				GCC_WARN_UNUSED_FUNCTION = YES;
				GCC_WARN_UNUSED_VARIABLE = YES;
				IPHONEOS_DEPLOYMENT_TARGET = 16.4;
				MTL_ENABLE_DEBUG_INFO = INCLUDE_SOURCE;
				MTL_FAST_MATH = YES;
				ONLY_ACTIVE_ARCH = YES;
				SDKROOT = iphoneos;
				SWIFT_ACTIVE_COMPILATION_CONDITIONS = DEBUG;
				SWIFT_OPTIMIZATION_LEVEL = "-Onone";
			};
			name = Debug;
		};
		CE8928542ABDD63A005F0F73 /* Release */ = {
			isa = XCBuildConfiguration;
			buildSettings = {
				ALWAYS_SEARCH_USER_PATHS = NO;
				CLANG_ANALYZER_NONNULL = YES;
				CLANG_ANALYZER_NUMBER_OBJECT_CONVERSION = YES_AGGRESSIVE;
				CLANG_CXX_LANGUAGE_STANDARD = "gnu++20";
				CLANG_ENABLE_MODULES = YES;
				CLANG_ENABLE_OBJC_ARC = YES;
				CLANG_ENABLE_OBJC_WEAK = YES;
				CLANG_WARN_BLOCK_CAPTURE_AUTORELEASING = YES;
				CLANG_WARN_BOOL_CONVERSION = YES;
				CLANG_WARN_COMMA = YES;
				CLANG_WARN_CONSTANT_CONVERSION = YES;
				CLANG_WARN_DEPRECATED_OBJC_IMPLEMENTATIONS = YES;
				CLANG_WARN_DIRECT_OBJC_ISA_USAGE = YES_ERROR;
				CLANG_WARN_DOCUMENTATION_COMMENTS = YES;
				CLANG_WARN_EMPTY_BODY = YES;
				CLANG_WARN_ENUM_CONVERSION = YES;
				CLANG_WARN_INFINITE_RECURSION = YES;
				CLANG_WARN_INT_CONVERSION = YES;
				CLANG_WARN_NON_LITERAL_NULL_CONVERSION = YES;
				CLANG_WARN_OBJC_IMPLICIT_RETAIN_SELF = YES;
				CLANG_WARN_OBJC_LITERAL_CONVERSION = YES;
				CLANG_WARN_OBJC_ROOT_CLASS = YES_ERROR;
				CLANG_WARN_QUOTED_INCLUDE_IN_FRAMEWORK_HEADER = YES;
				CLANG_WARN_RANGE_LOOP_ANALYSIS = YES;
				CLANG_WARN_STRICT_PROTOTYPES = YES;
				CLANG_WARN_SUSPICIOUS_MOVE = YES;
				CLANG_WARN_UNGUARDED_AVAILABILITY = YES_AGGRESSIVE;
				CLANG_WARN_UNREACHABLE_CODE = YES;
				CLANG_WARN__DUPLICATE_METHOD_MATCH = YES;
				COPY_PHASE_STRIP = NO;
				DEBUG_INFORMATION_FORMAT = "dwarf-with-dsym";
				ENABLE_NS_ASSERTIONS = NO;
				ENABLE_STRICT_OBJC_MSGSEND = YES;
				GCC_C_LANGUAGE_STANDARD = gnu11;
				GCC_NO_COMMON_BLOCKS = YES;
				GCC_WARN_64_TO_32_BIT_CONVERSION = YES;
				GCC_WARN_ABOUT_RETURN_TYPE = YES_ERROR;
				GCC_WARN_UNDECLARED_SELECTOR = YES;
				GCC_WARN_UNINITIALIZED_AUTOS = YES_AGGRESSIVE;
				GCC_WARN_UNUSED_FUNCTION = YES;
				GCC_WARN_UNUSED_VARIABLE = YES;
				IPHONEOS_DEPLOYMENT_TARGET = 16.4;
				MTL_ENABLE_DEBUG_INFO = NO;
				MTL_FAST_MATH = YES;
				SDKROOT = iphoneos;
				SWIFT_COMPILATION_MODE = wholemodule;
				SWIFT_OPTIMIZATION_LEVEL = "-O";
				VALIDATE_PRODUCT = YES;
			};
			name = Release;
		};
		CE8928562ABDD63A005F0F73 /* Debug */ = {
			isa = XCBuildConfiguration;
			buildSettings = {
				ASSETCATALOG_COMPILER_APPICON_NAME = AppIcon;
				ASSETCATALOG_COMPILER_GLOBAL_ACCENT_COLOR_NAME = AccentColor;
				CODE_SIGN_STYLE = Automatic;
				CURRENT_PROJECT_VERSION = 1;
				DEVELOPMENT_TEAM = 26HZCYGBR2;
				GENERATE_INFOPLIST_FILE = YES;
				INFOPLIST_FILE = Counter/Info.plist;
				INFOPLIST_KEY_UIApplicationSupportsIndirectInputEvents = YES;
				INFOPLIST_KEY_UILaunchStoryboardName = LaunchScreen;
				INFOPLIST_KEY_UIMainStoryboardFile = Main;
				INFOPLIST_KEY_UISupportedInterfaceOrientations_iPad = "UIInterfaceOrientationPortrait UIInterfaceOrientationPortraitUpsideDown UIInterfaceOrientationLandscapeLeft UIInterfaceOrientationLandscapeRight";
				INFOPLIST_KEY_UISupportedInterfaceOrientations_iPhone = "UIInterfaceOrientationPortrait UIInterfaceOrientationLandscapeLeft UIInterfaceOrientationLandscapeRight";
				LD_RUNPATH_SEARCH_PATHS = (
					"$(inherited)",
					"@executable_path/Frameworks",
				);
				MARKETING_VERSION = 1.0;
				PRODUCT_BUNDLE_IDENTIFIER = Test.Counter;
				PRODUCT_NAME = "$(TARGET_NAME)";
				SWIFT_EMIT_LOC_STRINGS = YES;
				SWIFT_VERSION = 5.0;
				TARGETED_DEVICE_FAMILY = "1,2";
			};
			name = Debug;
		};
		CE8928572ABDD63A005F0F73 /* Release */ = {
			isa = XCBuildConfiguration;
			buildSettings = {
				ASSETCATALOG_COMPILER_APPICON_NAME = AppIcon;
				ASSETCATALOG_COMPILER_GLOBAL_ACCENT_COLOR_NAME = AccentColor;
				CODE_SIGN_STYLE = Automatic;
				CURRENT_PROJECT_VERSION = 1;
				DEVELOPMENT_TEAM = 26HZCYGBR2;
				GENERATE_INFOPLIST_FILE = YES;
				INFOPLIST_FILE = Counter/Info.plist;
				INFOPLIST_KEY_UIApplicationSupportsIndirectInputEvents = YES;
				INFOPLIST_KEY_UILaunchStoryboardName = LaunchScreen;
				INFOPLIST_KEY_UIMainStoryboardFile = Main;
				INFOPLIST_KEY_UISupportedInterfaceOrientations_iPad = "UIInterfaceOrientationPortrait UIInterfaceOrientationPortraitUpsideDown UIInterfaceOrientationLandscapeLeft UIInterfaceOrientationLandscapeRight";
				INFOPLIST_KEY_UISupportedInterfaceOrientations_iPhone = "UIInterfaceOrientationPortrait UIInterfaceOrientationLandscapeLeft UIInterfaceOrientationLandscapeRight";
				LD_RUNPATH_SEARCH_PATHS = (
					"$(inherited)",
					"@executable_path/Frameworks",
				);
				MARKETING_VERSION = 1.0;
				PRODUCT_BUNDLE_IDENTIFIER = Test.Counter;
				PRODUCT_NAME = "$(TARGET_NAME)";
				SWIFT_EMIT_LOC_STRINGS = YES;
				SWIFT_VERSION = 5.0;
				TARGETED_DEVICE_FAMILY = "1,2";
			};
			name = Release;
		};
		CE8928592ABDD63A005F0F73 /* Debug */ = {
			isa = XCBuildConfiguration;
			buildSettings = {
				ALWAYS_EMBED_SWIFT_STANDARD_LIBRARIES = YES;
				BUNDLE_LOADER = "$(TEST_HOST)";
				CODE_SIGN_STYLE = Automatic;
				CURRENT_PROJECT_VERSION = 1;
				DEVELOPMENT_TEAM = 26HZCYGBR2;
				GENERATE_INFOPLIST_FILE = YES;
				IPHONEOS_DEPLOYMENT_TARGET = 16.4;
				MARKETING_VERSION = 1.0;
				PRODUCT_BUNDLE_IDENTIFIER = Test.CounterTests;
				PRODUCT_NAME = "$(TARGET_NAME)";
				SWIFT_EMIT_LOC_STRINGS = NO;
				SWIFT_VERSION = 5.0;
				TARGETED_DEVICE_FAMILY = "1,2";
				TEST_HOST = "$(BUILT_PRODUCTS_DIR)/Counter.app/$(BUNDLE_EXECUTABLE_FOLDER_PATH)/Counter";
			};
			name = Debug;
		};
		CE89285A2ABDD63A005F0F73 /* Release */ = {
			isa = XCBuildConfiguration;
			buildSettings = {
				ALWAYS_EMBED_SWIFT_STANDARD_LIBRARIES = YES;
				BUNDLE_LOADER = "$(TEST_HOST)";
				CODE_SIGN_STYLE = Automatic;
				CURRENT_PROJECT_VERSION = 1;
				DEVELOPMENT_TEAM = 26HZCYGBR2;
				GENERATE_INFOPLIST_FILE = YES;
				IPHONEOS_DEPLOYMENT_TARGET = 16.4;
				MARKETING_VERSION = 1.0;
				PRODUCT_BUNDLE_IDENTIFIER = Test.CounterTests;
				PRODUCT_NAME = "$(TARGET_NAME)";
				SWIFT_EMIT_LOC_STRINGS = NO;
				SWIFT_VERSION = 5.0;
				TARGETED_DEVICE_FAMILY = "1,2";
				TEST_HOST = "$(BUILT_PRODUCTS_DIR)/Counter.app/$(BUNDLE_EXECUTABLE_FOLDER_PATH)/Counter";
			};
			name = Release;
		};
		CE89285C2ABDD63A005F0F73 /* Debug */ = {
			isa = XCBuildConfiguration;
			buildSettings = {
				ALWAYS_EMBED_SWIFT_STANDARD_LIBRARIES = YES;
				CODE_SIGN_STYLE = Automatic;
				CURRENT_PROJECT_VERSION = 1;
				DEVELOPMENT_TEAM = 26HZCYGBR2;
				GENERATE_INFOPLIST_FILE = YES;
				MARKETING_VERSION = 1.0;
				PRODUCT_BUNDLE_IDENTIFIER = Test.CounterUITests;
				PRODUCT_NAME = "$(TARGET_NAME)";
				SWIFT_EMIT_LOC_STRINGS = NO;
				SWIFT_VERSION = 5.0;
				TARGETED_DEVICE_FAMILY = "1,2";
				TEST_TARGET_NAME = Counter;
			};
			name = Debug;
		};
		CE89285D2ABDD63A005F0F73 /* Release */ = {
			isa = XCBuildConfiguration;
			buildSettings = {
				ALWAYS_EMBED_SWIFT_STANDARD_LIBRARIES = YES;
				CODE_SIGN_STYLE = Automatic;
				CURRENT_PROJECT_VERSION = 1;
				DEVELOPMENT_TEAM = 26HZCYGBR2;
				GENERATE_INFOPLIST_FILE = YES;
				MARKETING_VERSION = 1.0;
				PRODUCT_BUNDLE_IDENTIFIER = Test.CounterUITests;
				PRODUCT_NAME = "$(TARGET_NAME)";
				SWIFT_EMIT_LOC_STRINGS = NO;
				SWIFT_VERSION = 5.0;
				TARGETED_DEVICE_FAMILY = "1,2";
				TEST_TARGET_NAME = Counter;
			};
			name = Release;
		};
/* End XCBuildConfiguration section */

/* Begin XCConfigurationList section */
		CE8928262ABDD637005F0F73 /* Build configuration list for PBXProject "Counter" */ = {
			isa = XCConfigurationList;
			buildConfigurations = (
				CE8928532ABDD63A005F0F73 /* Debug */,
				CE8928542ABDD63A005F0F73 /* Release */,
			);
			defaultConfigurationIsVisible = 0;
			defaultConfigurationName = Release;
		};
		CE8928552ABDD63A005F0F73 /* Build configuration list for PBXNativeTarget "Counter" */ = {
			isa = XCConfigurationList;
			buildConfigurations = (
				CE8928562ABDD63A005F0F73 /* Debug */,
				CE8928572ABDD63A005F0F73 /* Release */,
			);
			defaultConfigurationIsVisible = 0;
			defaultConfigurationName = Release;
		};
		CE8928582ABDD63A005F0F73 /* Build configuration list for PBXNativeTarget "CounterTests" */ = {
			isa = XCConfigurationList;
			buildConfigurations = (
				CE8928592ABDD63A005F0F73 /* Debug */,
				CE89285A2ABDD63A005F0F73 /* Release */,
			);
			defaultConfigurationIsVisible = 0;
			defaultConfigurationName = Release;
		};
		CE89285B2ABDD63A005F0F73 /* Build configuration list for PBXNativeTarget "CounterUITests" */ = {
			isa = XCConfigurationList;
			buildConfigurations = (
				CE89285C2ABDD63A005F0F73 /* Debug */,
				CE89285D2ABDD63A005F0F73 /* Release */,
			);
			defaultConfigurationIsVisible = 0;
			defaultConfigurationName = Release;
		};
/* End XCConfigurationList section */
	};
	rootObject = CE8928232ABDD637005F0F73 /* Project object */;
}
